
Microsoft Visual Studio Solution File, Format Version 12.00
# Visual Studio Version 17
VisualStudioVersion = 17.8.34511.84
MinimumVisualStudioVersion = 10.0.40219.1
Project("{9A19103F-16F7-4668-BE54-9A1E7A4F7556}") = "Sesion10", "Sesion10\Sesion10.csproj", "{C0FC015E-EAAC-4576-BA39-864C9BB19D4C}"
EndProject
Project("{9A19103F-16F7-4668-BE54-9A1E7A4F7556}") = "Library", "Library\Library.csproj", "{3D6CBABE-FAC7-4064-BC8C-115AF5EC59A6}"
EndProject
Project("{FAE04EC0-301F-11D3-BF4B-00C04F79EFBC}") = "Travel", "Travel\Travel.csproj", "{63F40702-12DC-4610-8591-5992D4E68572}"
EndProject
Global
	GlobalSection(SolutionConfigurationPlatforms) = preSolution
		Debug|Any CPU = Debug|Any CPU
		Release|Any CPU = Release|Any CPU
	EndGlobalSection
	GlobalSection(ProjectConfigurationPlatforms) = postSolution
		{C0FC015E-EAAC-4576-BA39-864C9BB19D4C}.Debug|Any CPU.ActiveCfg = Debug|Any CPU
		{C0FC015E-EAAC-4576-BA39-864C9BB19D4C}.Debug|Any CPU.Build.0 = Debug|Any CPU
		{C0FC015E-EAAC-4576-BA39-864C9BB19D4C}.Release|Any CPU.ActiveCfg = Release|Any CPU
		{C0FC015E-EAAC-4576-BA39-864C9BB19D4C}.Release|Any CPU.Build.0 = Release|Any CPU
		{3D6CBABE-FAC7-4064-BC8C-115AF5EC59A6}.Debug|Any CPU.ActiveCfg = Debug|Any CPU
		{3D6CBABE-FAC7-4064-BC8C-115AF5EC59A6}.Debug|Any CPU.Build.0 = Debug|Any CPU
		{3D6CBABE-FAC7-4064-BC8C-115AF5EC59A6}.Release|Any CPU.ActiveCfg = Release|Any CPU
		{3D6CBABE-FAC7-4064-BC8C-115AF5EC59A6}.Release|Any CPU.Build.0 = Release|Any CPU
		{63F40702-12DC-4610-8591-5992D4E68572}.Debug|Any CPU.ActiveCfg = Debug|Any CPU
		{63F40702-12DC-4610-8591-5992D4E68572}.Debug|Any CPU.Build.0 = Debug|Any CPU
		{63F40702-12DC-4610-8591-5992D4E68572}.Release|Any CPU.ActiveCfg = Release|Any CPU
		{63F40702-12DC-4610-8591-5992D4E68572}.Release|Any CPU.Build.0 = Release|Any CPU
	EndGlobalSection
	GlobalSection(SolutionProperties) = preSolution
		HideSolutionNode = FALSE
	EndGlobalSection
	GlobalSection(ExtensibilityGlobals) = postSolution
		SolutionGuid = {C7CD7198-4705-4900-A8E2-3185BA22272B}
	EndGlobalSection
EndGlobal
